// !$*UTF8*$!
{
	archiveVersion = 1;
	classes = {
	};
	objectVersion = 46;
	objects = {

/* Begin PBXBuildFile section */
		240F1B291F10192D00992F06 /* main.swift in Sources */ = {isa = PBXBuildFile; fileRef = 240F1B281F10192D00992F06 /* main.swift */; };
		240F1B2F1F101A8200992F06 /* Argument.swift in Sources */ = {isa = PBXBuildFile; fileRef = 240F1B2E1F101A8200992F06 /* Argument.swift */; };
		240F1B311F102D2300992F06 /* CommandCenter.swift in Sources */ = {isa = PBXBuildFile; fileRef = 240F1B301F102D2300992F06 /* CommandCenter.swift */; };
		24F3DD261F496B6300C617F3 /* Int+LosslessStringConvertible.swift in Sources */ = {isa = PBXBuildFile; fileRef = 24F3DD251F496B6300C617F3 /* Int+LosslessStringConvertible.swift */; };
/* End PBXBuildFile section */

/* Begin PBXCopyFilesBuildPhase section */
		240F1B1A1F1018FE00992F06 /* CopyFiles */ = {
			isa = PBXCopyFilesBuildPhase;
			buildActionMask = 2147483647;
			dstPath = /usr/share/man/man1/;
			dstSubfolderSpec = 0;
			files = (
			);
			runOnlyForDeploymentPostprocessing = 1;
		};
/* End PBXCopyFilesBuildPhase section */

/* Begin PBXFileReference section */
		240F1B1C1F1018FE00992F06 /* CLSwift */ = {isa = PBXFileReference; explicitFileType = "compiled.mach-o.executable"; includeInIndex = 0; path = CLSwift; sourceTree = BUILT_PRODUCTS_DIR; };
		240F1B281F10192D00992F06 /* main.swift */ = {isa = PBXFileReference; fileEncoding = 4; lastKnownFileType = sourcecode.swift; path = main.swift; sourceTree = "<group>"; };
		240F1B2E1F101A8200992F06 /* Argument.swift */ = {isa = PBXFileReference; fileEncoding = 4; lastKnownFileType = sourcecode.swift; path = Argument.swift; sourceTree = "<group>"; };
		240F1B301F102D2300992F06 /* CommandCenter.swift */ = {isa = PBXFileReference; fileEncoding = 4; lastKnownFileType = sourcecode.swift; path = CommandCenter.swift; sourceTree = "<group>"; };
		24F3DD251F496B6300C617F3 /* Int+LosslessStringConvertible.swift */ = {isa = PBXFileReference; fileEncoding = 4; lastKnownFileType = sourcecode.swift; path = "Int+LosslessStringConvertible.swift"; sourceTree = "<group>"; };
/* End PBXFileReference section */

/* Begin PBXFrameworksBuildPhase section */
		240F1B191F1018FE00992F06 /* Frameworks */ = {
			isa = PBXFrameworksBuildPhase;
			buildActionMask = 2147483647;
			files = (
			);
			runOnlyForDeploymentPostprocessing = 0;
		};
/* End PBXFrameworksBuildPhase section */

/* Begin PBXGroup section */
		240F1B131F1018FE00992F06 = {
			isa = PBXGroup;
			children = (
				240F1B1E1F1018FE00992F06 /* CLSwift */,
				240F1B1D1F1018FE00992F06 /* Products */,
			);
			sourceTree = "<group>";
		};
		240F1B1D1F1018FE00992F06 /* Products */ = {
			isa = PBXGroup;
			children = (
				240F1B1C1F1018FE00992F06 /* CLSwift */,
			);
			name = Products;
			sourceTree = "<group>";
		};
		240F1B1E1F1018FE00992F06 /* CLSwift */ = {
			isa = PBXGroup;
			children = (
				24F3DD241F496B1C00C617F3 /* Extensions */,
				240F1B281F10192D00992F06 /* main.swift */,
				240F1B2E1F101A8200992F06 /* Argument.swift */,
				240F1B301F102D2300992F06 /* CommandCenter.swift */,
			);
			path = CLSwift;
			sourceTree = "<group>";
		};
		24F3DD241F496B1C00C617F3 /* Extensions */ = {
			isa = PBXGroup;
			children = (
				24F3DD251F496B6300C617F3 /* Int+LosslessStringConvertible.swift */,
			);
			path = Extensions;
			sourceTree = "<group>";
		};
/* End PBXGroup section */

/* Begin PBXNativeTarget section */
		240F1B1B1F1018FE00992F06 /* CLSwift */ = {
			isa = PBXNativeTarget;
			buildConfigurationList = 240F1B231F1018FE00992F06 /* Build configuration list for PBXNativeTarget "CLSwift" */;
			buildPhases = (
				240F1B181F1018FE00992F06 /* Sources */,
				240F1B191F1018FE00992F06 /* Frameworks */,
				240F1B1A1F1018FE00992F06 /* CopyFiles */,
			);
			buildRules = (
			);
			dependencies = (
			);
			name = CLSwift;
			productName = CLSwift;
			productReference = 240F1B1C1F1018FE00992F06 /* CLSwift */;
			productType = "com.apple.product-type.tool";
		};
/* End PBXNativeTarget section */

/* Begin PBXProject section */
		240F1B141F1018FE00992F06 /* Project object */ = {
			isa = PBXProject;
			attributes = {
				LastSwiftUpdateCheck = 0830;
				LastUpgradeCheck = 0830;
				ORGANIZATIONNAME = twof;
				TargetAttributes = {
					240F1B1B1F1018FE00992F06 = {
						CreatedOnToolsVersion = 8.3.3;
						LastSwiftMigration = 0830;
						ProvisioningStyle = Automatic;
					};
				};
			};
			buildConfigurationList = 240F1B171F1018FE00992F06 /* Build configuration list for PBXProject "CLSwift" */;
			compatibilityVersion = "Xcode 3.2";
			developmentRegion = English;
			hasScannedForEncodings = 0;
			knownRegions = (
				en,
			);
			mainGroup = 240F1B131F1018FE00992F06;
			productRefGroup = 240F1B1D1F1018FE00992F06 /* Products */;
			projectDirPath = "";
			projectRoot = "";
			targets = (
				240F1B1B1F1018FE00992F06 /* CLSwift */,
			);
		};
/* End PBXProject section */

/* Begin PBXSourcesBuildPhase section */
		240F1B181F1018FE00992F06 /* Sources */ = {
			isa = PBXSourcesBuildPhase;
			buildActionMask = 2147483647;
			files = (
				240F1B291F10192D00992F06 /* main.swift in Sources */,
				240F1B2F1F101A8200992F06 /* Argument.swift in Sources */,
				240F1B311F102D2300992F06 /* CommandCenter.swift in Sources */,
				24F3DD261F496B6300C617F3 /* Int+LosslessStringConvertible.swift in Sources */,
			);
			runOnlyForDeploymentPostprocessing = 0;
		};
/* End PBXSourcesBuildPhase section */

/* Begin XCBuildConfiguration section */
		240F1B211F1018FE00992F06 /* Debug */ = {
			isa = XCBuildConfiguration;
			buildSettings = {
				ALWAYS_SEARCH_USER_PATHS = NO;
				CLANG_ANALYZER_NONNULL = YES;
				CLANG_ANALYZER_NUMBER_OBJECT_CONVERSION = YES_AGGRESSIVE;
				CLANG_CXX_LANGUAGE_STANDARD = "gnu++0x";
				CLANG_CXX_LIBRARY = "libc++";
				CLANG_ENABLE_MODULES = YES;
				CLANG_ENABLE_OBJC_ARC = YES;
				CLANG_WARN_BOOL_CONVERSION = YES;
				CLANG_WARN_CONSTANT_CONVERSION = YES;
				CLANG_WARN_DIRECT_OBJC_ISA_USAGE = YES_ERROR;
				CLANG_WARN_DOCUMENTATION_COMMENTS = YES;
				CLANG_WARN_EMPTY_BODY = YES;
				CLANG_WARN_ENUM_CONVERSION = YES;
				CLANG_WARN_INFINITE_RECURSION = YES;
				CLANG_WARN_INT_CONVERSION = YES;
				CLANG_WARN_OBJC_ROOT_CLASS = YES_ERROR;
				CLANG_WARN_SUSPICIOUS_MOVE = YES;
				CLANG_WARN_UNREACHABLE_CODE = YES;
				CLANG_WARN__DUPLICATE_METHOD_MATCH = YES;
				CODE_SIGN_IDENTITY = "-";
				COPY_PHASE_STRIP = NO;
				DEBUG_INFORMATION_FORMAT = dwarf;
				ENABLE_STRICT_OBJC_MSGSEND = YES;
				ENABLE_TESTABILITY = YES;
				GCC_C_LANGUAGE_STANDARD = gnu99;
				GCC_DYNAMIC_NO_PIC = NO;
				GCC_NO_COMMON_BLOCKS = YES;
				GCC_OPTIMIZATION_LEVEL = 0;
				GCC_PREPROCESSOR_DEFINITIONS = (
					"DEBUG=1",
					"$(inherited)",
				);
				GCC_WARN_64_TO_32_BIT_CONVERSION = YES;
				GCC_WARN_ABOUT_RETURN_TYPE = YES_ERROR;
				GCC_WARN_UNDECLARED_SELECTOR = YES;
				GCC_WARN_UNINITIALIZED_AUTOS = YES_AGGRESSIVE;
				GCC_WARN_UNUSED_FUNCTION = YES;
				GCC_WARN_UNUSED_VARIABLE = YES;
				MACOSX_DEPLOYMENT_TARGET = 10.12;
				MTL_ENABLE_DEBUG_INFO = YES;
				ONLY_ACTIVE_ARCH = YES;
				SDKROOT = macosx;
				SWIFT_OPTIMIZATION_LEVEL = "-Onone";
			};
			name = Debug;
		};
		240F1B221F1018FE00992F06 /* Release */ = {
			isa = XCBuildConfiguration;
			buildSettings = {
				ALWAYS_SEARCH_USER_PATHS = NO;
				CLANG_ANALYZER_NONNULL = YES;
				CLANG_ANALYZER_NUMBER_OBJECT_CONVERSION = YES_AGGRESSIVE;
				CLANG_CXX_LANGUAGE_STANDARD = "gnu++0x";
				CLANG_CXX_LIBRARY = "libc++";
				CLANG_ENABLE_MODULES = YES;
				CLANG_ENABLE_OBJC_ARC = YES;
				CLANG_WARN_BOOL_CONVERSION = YES;
				CLANG_WARN_CONSTANT_CONVERSION = YES;
				CLANG_WARN_DIRECT_OBJC_ISA_USAGE = YES_ERROR;
				CLANG_WARN_DOCUMENTATION_COMMENTS = YES;
				CLANG_WARN_EMPTY_BODY = YES;
				CLANG_WARN_ENUM_CONVERSION = YES;
				CLANG_WARN_INFINITE_RECURSION = YES;
				CLANG_WARN_INT_CONVERSION = YES;
				CLANG_WARN_OBJC_ROOT_CLASS = YES_ERROR;
				CLANG_WARN_SUSPICIOUS_MOVE = YES;
				CLANG_WARN_UNREACHABLE_CODE = YES;
				CLANG_WARN__DUPLICATE_METHOD_MATCH = YES;
				CODE_SIGN_IDENTITY = "-";
				COPY_PHASE_STRIP = NO;
				DEBUG_INFORMATION_FORMAT = "dwarf-with-dsym";
				ENABLE_NS_ASSERTIONS = NO;
				ENABLE_STRICT_OBJC_MSGSEND = YES;
				GCC_C_LANGUAGE_STANDARD = gnu99;
				GCC_NO_COMMON_BLOCKS = YES;
				GCC_WARN_64_TO_32_BIT_CONVERSION = YES;
				GCC_WARN_ABOUT_RETURN_TYPE = YES_ERROR;
				GCC_WARN_UNDECLARED_SELECTOR = YES;
				GCC_WARN_UNINITIALIZED_AUTOS = YES_AGGRESSIVE;
				GCC_WARN_UNUSED_FUNCTION = YES;
				GCC_WARN_UNUSED_VARIABLE = YES;
				MACOSX_DEPLOYMENT_TARGET = 10.12;
				MTL_ENABLE_DEBUG_INFO = NO;
				SDKROOT = macosx;
			};
			name = Release;
		};
		240F1B241F1018FE00992F06 /* Debug */ = {
			isa = XCBuildConfiguration;
			buildSettings = {
				CLANG_ENABLE_MODULES = YES;
				LD_RUNPATH_SEARCH_PATHS = "$(inherited) @executable_path/../Frameworks @loader_path/../Frameworks";
				PRODUCT_NAME = "$(TARGET_NAME)";
				SWIFT_OPTIMIZATION_LEVEL = "-Onone";
				SWIFT_VERSION = 3.0;
			};
			name = Debug;
		};
		240F1B251F1018FE00992F06 /* Release */ = {
			isa = XCBuildConfiguration;
			buildSettings = {
				CLANG_ENABLE_MODULES = YES;
				LD_RUNPATH_SEARCH_PATHS = "$(inherited) @executable_path/../Frameworks @loader_path/../Frameworks";
				PRODUCT_NAME = "$(TARGET_NAME)";
				SWIFT_VERSION = 3.0;
			};
			name = Release;
		};
/* End XCBuildConfiguration section */

/* Begin XCConfigurationList section */
		240F1B171F1018FE00992F06 /* Build configuration list for PBXProject "CLSwift" */ = {
			isa = XCConfigurationList;
			buildConfigurations = (
				240F1B211F1018FE00992F06 /* Debug */,
				240F1B221F1018FE00992F06 /* Release */,
			);
			defaultConfigurationIsVisible = 0;
			defaultConfigurationName = Release;
		};
		240F1B231F1018FE00992F06 /* Build configuration list for PBXNativeTarget "CLSwift" */ = {
			isa = XCConfigurationList;
			buildConfigurations = (
				240F1B241F1018FE00992F06 /* Debug */,
				240F1B251F1018FE00992F06 /* Release */,
			);
			defaultConfigurationIsVisible = 0;
			defaultConfigurationName = Release;
		};
/* End XCConfigurationList section */
	};
	rootObject = 240F1B141F1018FE00992F06 /* Project object */;
}
